// !$*UTF8*$!
{
	archiveVersion = 1;
	classes = {
	};
	objectVersion = 46;
	objects = {

/* Begin PBXBuildFile section */
		2A323D011EBFC5F400C4E1E1 /* AppDelegate.swift in Sources */ = {isa = PBXBuildFile; fileRef = 2A323D001EBFC5F400C4E1E1 /* AppDelegate.swift */; };
		2A323D081EBFC5F400C4E1E1 /* Assets.xcassets in Resources */ = {isa = PBXBuildFile; fileRef = 2A323D071EBFC5F400C4E1E1 /* Assets.xcassets */; };
		2A323D0B1EBFC5F400C4E1E1 /* LaunchScreen.storyboard in Resources */ = {isa = PBXBuildFile; fileRef = 2A323D091EBFC5F400C4E1E1 /* LaunchScreen.storyboard */; };
		2A323D161EBFC5F400C4E1E1 /* QuemEuBeijeiOntemTests.swift in Sources */ = {isa = PBXBuildFile; fileRef = 2A323D151EBFC5F400C4E1E1 /* QuemEuBeijeiOntemTests.swift */; };
		2A323D231EBFC68600C4E1E1 /* QEBOContactListViewController.swift in Sources */ = {isa = PBXBuildFile; fileRef = 2A323D211EBFC68600C4E1E1 /* QEBOContactListViewController.swift */; };
		2A323D241EBFC68600C4E1E1 /* QEBOContactListViewController.xib in Resources */ = {isa = PBXBuildFile; fileRef = 2A323D221EBFC68600C4E1E1 /* QEBOContactListViewController.xib */; };
		2A323D281EBFC83900C4E1E1 /* QEBOContactDataAccessObject.swift in Sources */ = {isa = PBXBuildFile; fileRef = 2A323D271EBFC83900C4E1E1 /* QEBOContactDataAccessObject.swift */; };
		2A323D2F1EBFCB3C00C4E1E1 /* QEBOContactDatasource.swift in Sources */ = {isa = PBXBuildFile; fileRef = 2A323D2E1EBFCB3C00C4E1E1 /* QEBOContactDatasource.swift */; };
		2A323D331EBFCC7A00C4E1E1 /* QEBOContactCell.swift in Sources */ = {isa = PBXBuildFile; fileRef = 2A323D311EBFCC7A00C4E1E1 /* QEBOContactCell.swift */; };
		2A323D341EBFCC7A00C4E1E1 /* QEBOContactCell.xib in Resources */ = {isa = PBXBuildFile; fileRef = 2A323D321EBFCC7A00C4E1E1 /* QEBOContactCell.xib */; };
		2A323D391EBFD28000C4E1E1 /* TimeAgo.swift in Sources */ = {isa = PBXBuildFile; fileRef = 2A323D381EBFD28000C4E1E1 /* TimeAgo.swift */; };
		4570E0B03A4D9829DD2EEF5A /* Pods_QuemEuBeijeiOntem.framework in Frameworks */ = {isa = PBXBuildFile; fileRef = B769B748471344475DE24903 /* Pods_QuemEuBeijeiOntem.framework */; };
		610D07283AD34961AA9A96EA /* Pods_QuemEuBeijeiOntemTests.framework in Frameworks */ = {isa = PBXBuildFile; fileRef = 1F1A1F7158824F34094AB344 /* Pods_QuemEuBeijeiOntemTests.framework */; };
/* End PBXBuildFile section */

/* Begin PBXContainerItemProxy section */
		2A323D121EBFC5F400C4E1E1 /* PBXContainerItemProxy */ = {
			isa = PBXContainerItemProxy;
			containerPortal = 2A323CF51EBFC5F300C4E1E1 /* Project object */;
			proxyType = 1;
			remoteGlobalIDString = 2A323CFC1EBFC5F400C4E1E1;
			remoteInfo = QuemEuBeijeiOntem;
		};
/* End PBXContainerItemProxy section */

/* Begin PBXFileReference section */
		0F5F5F83B250B321F1C14E50 /* Pods-QuemEuBeijeiOntemTests.release.xcconfig */ = {isa = PBXFileReference; includeInIndex = 1; lastKnownFileType = text.xcconfig; name = "Pods-QuemEuBeijeiOntemTests.release.xcconfig"; path = "Pods/Target Support Files/Pods-QuemEuBeijeiOntemTests/Pods-QuemEuBeijeiOntemTests.release.xcconfig"; sourceTree = "<group>"; };
		1F1A1F7158824F34094AB344 /* Pods_QuemEuBeijeiOntemTests.framework */ = {isa = PBXFileReference; explicitFileType = wrapper.framework; includeInIndex = 0; path = Pods_QuemEuBeijeiOntemTests.framework; sourceTree = BUILT_PRODUCTS_DIR; };
		2A323CFD1EBFC5F400C4E1E1 /* QuemEuBeijeiOntem.app */ = {isa = PBXFileReference; explicitFileType = wrapper.application; includeInIndex = 0; path = QuemEuBeijeiOntem.app; sourceTree = BUILT_PRODUCTS_DIR; };
		2A323D001EBFC5F400C4E1E1 /* AppDelegate.swift */ = {isa = PBXFileReference; lastKnownFileType = sourcecode.swift; path = AppDelegate.swift; sourceTree = "<group>"; };
		2A323D071EBFC5F400C4E1E1 /* Assets.xcassets */ = {isa = PBXFileReference; lastKnownFileType = folder.assetcatalog; path = Assets.xcassets; sourceTree = "<group>"; };
		2A323D0A1EBFC5F400C4E1E1 /* Base */ = {isa = PBXFileReference; lastKnownFileType = file.storyboard; name = Base; path = Base.lproj/LaunchScreen.storyboard; sourceTree = "<group>"; };
		2A323D0C1EBFC5F400C4E1E1 /* Info.plist */ = {isa = PBXFileReference; lastKnownFileType = text.plist.xml; path = Info.plist; sourceTree = "<group>"; };
		2A323D111EBFC5F400C4E1E1 /* QuemEuBeijeiOntemTests.xctest */ = {isa = PBXFileReference; explicitFileType = wrapper.cfbundle; includeInIndex = 0; path = QuemEuBeijeiOntemTests.xctest; sourceTree = BUILT_PRODUCTS_DIR; };
		2A323D151EBFC5F400C4E1E1 /* QuemEuBeijeiOntemTests.swift */ = {isa = PBXFileReference; lastKnownFileType = sourcecode.swift; path = QuemEuBeijeiOntemTests.swift; sourceTree = "<group>"; };
		2A323D171EBFC5F400C4E1E1 /* Info.plist */ = {isa = PBXFileReference; lastKnownFileType = text.plist.xml; path = Info.plist; sourceTree = "<group>"; };
		2A323D211EBFC68600C4E1E1 /* QEBOContactListViewController.swift */ = {isa = PBXFileReference; fileEncoding = 4; lastKnownFileType = sourcecode.swift; path = QEBOContactListViewController.swift; sourceTree = "<group>"; };
		2A323D221EBFC68600C4E1E1 /* QEBOContactListViewController.xib */ = {isa = PBXFileReference; fileEncoding = 4; lastKnownFileType = file.xib; path = QEBOContactListViewController.xib; sourceTree = "<group>"; };
		2A323D271EBFC83900C4E1E1 /* QEBOContactDataAccessObject.swift */ = {isa = PBXFileReference; fileEncoding = 4; lastKnownFileType = sourcecode.swift; path = QEBOContactDataAccessObject.swift; sourceTree = "<group>"; };
		2A323D291EBFC8F700C4E1E1 /* QuemEuBeijeiOntem-Bridging-Header.h */ = {isa = PBXFileReference; lastKnownFileType = sourcecode.c.h; path = "QuemEuBeijeiOntem-Bridging-Header.h"; sourceTree = "<group>"; };
		2A323D2E1EBFCB3C00C4E1E1 /* QEBOContactDatasource.swift */ = {isa = PBXFileReference; fileEncoding = 4; lastKnownFileType = sourcecode.swift; path = QEBOContactDatasource.swift; sourceTree = "<group>"; };
		2A323D311EBFCC7A00C4E1E1 /* QEBOContactCell.swift */ = {isa = PBXFileReference; fileEncoding = 4; lastKnownFileType = sourcecode.swift; path = QEBOContactCell.swift; sourceTree = "<group>"; };
		2A323D321EBFCC7A00C4E1E1 /* QEBOContactCell.xib */ = {isa = PBXFileReference; fileEncoding = 4; lastKnownFileType = file.xib; path = QEBOContactCell.xib; sourceTree = "<group>"; };
		2A323D381EBFD28000C4E1E1 /* TimeAgo.swift */ = {isa = PBXFileReference; fileEncoding = 4; lastKnownFileType = sourcecode.swift; path = TimeAgo.swift; sourceTree = "<group>"; };
		639F8092BB0B839A12A19326 /* Pods-QuemEuBeijeiOntem.debug.xcconfig */ = {isa = PBXFileReference; includeInIndex = 1; lastKnownFileType = text.xcconfig; name = "Pods-QuemEuBeijeiOntem.debug.xcconfig"; path = "Pods/Target Support Files/Pods-QuemEuBeijeiOntem/Pods-QuemEuBeijeiOntem.debug.xcconfig"; sourceTree = "<group>"; };
		B769B748471344475DE24903 /* Pods_QuemEuBeijeiOntem.framework */ = {isa = PBXFileReference; explicitFileType = wrapper.framework; includeInIndex = 0; path = Pods_QuemEuBeijeiOntem.framework; sourceTree = BUILT_PRODUCTS_DIR; };
		EEF036EF25002526EDAA6352 /* Pods-QuemEuBeijeiOntem.release.xcconfig */ = {isa = PBXFileReference; includeInIndex = 1; lastKnownFileType = text.xcconfig; name = "Pods-QuemEuBeijeiOntem.release.xcconfig"; path = "Pods/Target Support Files/Pods-QuemEuBeijeiOntem/Pods-QuemEuBeijeiOntem.release.xcconfig"; sourceTree = "<group>"; };
		EF7945865D11F626B16CB9D5 /* Pods-QuemEuBeijeiOntemTests.debug.xcconfig */ = {isa = PBXFileReference; includeInIndex = 1; lastKnownFileType = text.xcconfig; name = "Pods-QuemEuBeijeiOntemTests.debug.xcconfig"; path = "Pods/Target Support Files/Pods-QuemEuBeijeiOntemTests/Pods-QuemEuBeijeiOntemTests.debug.xcconfig"; sourceTree = "<group>"; };
/* End PBXFileReference section */

/* Begin PBXFrameworksBuildPhase section */
		2A323CFA1EBFC5F400C4E1E1 /* Frameworks */ = {
			isa = PBXFrameworksBuildPhase;
			buildActionMask = 2147483647;
			files = (
				4570E0B03A4D9829DD2EEF5A /* Pods_QuemEuBeijeiOntem.framework in Frameworks */,
			);
			runOnlyForDeploymentPostprocessing = 0;
		};
		2A323D0E1EBFC5F400C4E1E1 /* Frameworks */ = {
			isa = PBXFrameworksBuildPhase;
			buildActionMask = 2147483647;
			files = (
				610D07283AD34961AA9A96EA /* Pods_QuemEuBeijeiOntemTests.framework in Frameworks */,
			);
			runOnlyForDeploymentPostprocessing = 0;
		};
/* End PBXFrameworksBuildPhase section */

/* Begin PBXGroup section */
		2A323CF41EBFC5F300C4E1E1 = {
			isa = PBXGroup;
			children = (
				2A323CFF1EBFC5F400C4E1E1 /* QuemEuBeijeiOntem */,
				2A323D141EBFC5F400C4E1E1 /* QuemEuBeijeiOntemTests */,
				2A323CFE1EBFC5F400C4E1E1 /* Products */,
				A4C6656E43083BA13A971BBB /* Pods */,
				9CAF2E05D067791A6C28C1D9 /* Frameworks */,
			);
			sourceTree = "<group>";
		};
		2A323CFE1EBFC5F400C4E1E1 /* Products */ = {
			isa = PBXGroup;
			children = (
				2A323CFD1EBFC5F400C4E1E1 /* QuemEuBeijeiOntem.app */,
				2A323D111EBFC5F400C4E1E1 /* QuemEuBeijeiOntemTests.xctest */,
			);
			name = Products;
			sourceTree = "<group>";
		};
		2A323CFF1EBFC5F400C4E1E1 /* QuemEuBeijeiOntem */ = {
			isa = PBXGroup;
			children = (
				2A323D291EBFC8F700C4E1E1 /* QuemEuBeijeiOntem-Bridging-Header.h */,
				2A323D3A1EBFD28200C4E1E1 /* Utils */,
				2A323D301EBFCC6700C4E1E1 /* Views */,
				2A323D2D1EBFCB2700C4E1E1 /* Datasource */,
				2A323D261EBFC82500C4E1E1 /* Data Access Object */,
				2A323D251EBFC68900C4E1E1 /* Contact List */,
				2A323D201EBFC66300C4E1E1 /* Supporting Files */,
			);
			path = QuemEuBeijeiOntem;
			sourceTree = "<group>";
		};
		2A323D141EBFC5F400C4E1E1 /* QuemEuBeijeiOntemTests */ = {
			isa = PBXGroup;
			children = (
				2A323D151EBFC5F400C4E1E1 /* QuemEuBeijeiOntemTests.swift */,
				2A323D171EBFC5F400C4E1E1 /* Info.plist */,
			);
			path = QuemEuBeijeiOntemTests;
			sourceTree = "<group>";
		};
		2A323D201EBFC66300C4E1E1 /* Supporting Files */ = {
			isa = PBXGroup;
			children = (
				2A323D001EBFC5F400C4E1E1 /* AppDelegate.swift */,
				2A323D071EBFC5F400C4E1E1 /* Assets.xcassets */,
				2A323D091EBFC5F400C4E1E1 /* LaunchScreen.storyboard */,
				2A323D0C1EBFC5F400C4E1E1 /* Info.plist */,
			);
			name = "Supporting Files";
			sourceTree = "<group>";
		};
		2A323D251EBFC68900C4E1E1 /* Contact List */ = {
			isa = PBXGroup;
			children = (
				2A323D211EBFC68600C4E1E1 /* QEBOContactListViewController.swift */,
				2A323D221EBFC68600C4E1E1 /* QEBOContactListViewController.xib */,
			);
			name = "Contact List";
			sourceTree = "<group>";
		};
		2A323D261EBFC82500C4E1E1 /* Data Access Object */ = {
			isa = PBXGroup;
			children = (
				2A323D271EBFC83900C4E1E1 /* QEBOContactDataAccessObject.swift */,
			);
			name = "Data Access Object";
			sourceTree = "<group>";
		};
		2A323D2D1EBFCB2700C4E1E1 /* Datasource */ = {
			isa = PBXGroup;
			children = (
				2A323D2E1EBFCB3C00C4E1E1 /* QEBOContactDatasource.swift */,
			);
			name = Datasource;
			sourceTree = "<group>";
		};
		2A323D301EBFCC6700C4E1E1 /* Views */ = {
			isa = PBXGroup;
			children = (
				2A323D351EBFCC7E00C4E1E1 /* Contact Cell */,
			);
			name = Views;
			sourceTree = "<group>";
		};
		2A323D351EBFCC7E00C4E1E1 /* Contact Cell */ = {
			isa = PBXGroup;
			children = (
				2A323D311EBFCC7A00C4E1E1 /* QEBOContactCell.swift */,
				2A323D321EBFCC7A00C4E1E1 /* QEBOContactCell.xib */,
			);
			name = "Contact Cell";
			sourceTree = "<group>";
		};
		2A323D3A1EBFD28200C4E1E1 /* Utils */ = {
			isa = PBXGroup;
			children = (
				2A323D381EBFD28000C4E1E1 /* TimeAgo.swift */,
			);
			name = Utils;
			sourceTree = "<group>";
		};
		9CAF2E05D067791A6C28C1D9 /* Frameworks */ = {
			isa = PBXGroup;
			children = (
				B769B748471344475DE24903 /* Pods_QuemEuBeijeiOntem.framework */,
				1F1A1F7158824F34094AB344 /* Pods_QuemEuBeijeiOntemTests.framework */,
			);
			name = Frameworks;
			sourceTree = "<group>";
		};
		A4C6656E43083BA13A971BBB /* Pods */ = {
			isa = PBXGroup;
			children = (
				639F8092BB0B839A12A19326 /* Pods-QuemEuBeijeiOntem.debug.xcconfig */,
				EEF036EF25002526EDAA6352 /* Pods-QuemEuBeijeiOntem.release.xcconfig */,
				EF7945865D11F626B16CB9D5 /* Pods-QuemEuBeijeiOntemTests.debug.xcconfig */,
				0F5F5F83B250B321F1C14E50 /* Pods-QuemEuBeijeiOntemTests.release.xcconfig */,
			);
			name = Pods;
			sourceTree = "<group>";
		};
/* End PBXGroup section */

/* Begin PBXNativeTarget section */
		2A323CFC1EBFC5F400C4E1E1 /* QuemEuBeijeiOntem */ = {
			isa = PBXNativeTarget;
			buildConfigurationList = 2A323D1A1EBFC5F400C4E1E1 /* Build configuration list for PBXNativeTarget "QuemEuBeijeiOntem" */;
			buildPhases = (
				3499231DBD83940DEEDBA2AA /* [CP] Check Pods Manifest.lock */,
				2A323CF91EBFC5F400C4E1E1 /* Sources */,
				2A323CFA1EBFC5F400C4E1E1 /* Frameworks */,
				2A323CFB1EBFC5F400C4E1E1 /* Resources */,
				F33ADA0314A1EE22FBECA65B /* [CP] Embed Pods Frameworks */,
				8009C4CF0CE3B4A1BED3998B /* [CP] Copy Pods Resources */,
			);
			buildRules = (
			);
			dependencies = (
			);
			name = QuemEuBeijeiOntem;
			productName = QuemEuBeijeiOntem;
			productReference = 2A323CFD1EBFC5F400C4E1E1 /* QuemEuBeijeiOntem.app */;
			productType = "com.apple.product-type.application";
		};
		2A323D101EBFC5F400C4E1E1 /* QuemEuBeijeiOntemTests */ = {
			isa = PBXNativeTarget;
			buildConfigurationList = 2A323D1D1EBFC5F400C4E1E1 /* Build configuration list for PBXNativeTarget "QuemEuBeijeiOntemTests" */;
			buildPhases = (
				92586B788C9BDA947D2C8EC7 /* [CP] Check Pods Manifest.lock */,
				2A323D0D1EBFC5F400C4E1E1 /* Sources */,
				2A323D0E1EBFC5F400C4E1E1 /* Frameworks */,
				2A323D0F1EBFC5F400C4E1E1 /* Resources */,
				5CF8514EAE8584DF4D8C8141 /* [CP] Embed Pods Frameworks */,
				BBEF0E09BF69EB41B369A905 /* [CP] Copy Pods Resources */,
			);
			buildRules = (
			);
			dependencies = (
				2A323D131EBFC5F400C4E1E1 /* PBXTargetDependency */,
			);
			name = QuemEuBeijeiOntemTests;
			productName = QuemEuBeijeiOntemTests;
			productReference = 2A323D111EBFC5F400C4E1E1 /* QuemEuBeijeiOntemTests.xctest */;
			productType = "com.apple.product-type.bundle.unit-test";
		};
/* End PBXNativeTarget section */

/* Begin PBXProject section */
		2A323CF51EBFC5F300C4E1E1 /* Project object */ = {
			isa = PBXProject;
			attributes = {
				LastSwiftUpdateCheck = 0830;
				LastUpgradeCheck = 0830;
				ORGANIZATIONNAME = "Rafael Gonzalves";
				TargetAttributes = {
					2A323CFC1EBFC5F400C4E1E1 = {
						CreatedOnToolsVersion = 8.3.2;
						DevelopmentTeam = 8P5355PV9G;
						LastSwiftMigration = 0830;
						ProvisioningStyle = Automatic;
					};
					2A323D101EBFC5F400C4E1E1 = {
						CreatedOnToolsVersion = 8.3.2;
						DevelopmentTeam = 8P5355PV9G;
						ProvisioningStyle = Automatic;
						TestTargetID = 2A323CFC1EBFC5F400C4E1E1;
					};
				};
			};
			buildConfigurationList = 2A323CF81EBFC5F300C4E1E1 /* Build configuration list for PBXProject "QuemEuBeijeiOntem" */;
			compatibilityVersion = "Xcode 3.2";
			developmentRegion = English;
			hasScannedForEncodings = 0;
			knownRegions = (
				en,
				Base,
			);
			mainGroup = 2A323CF41EBFC5F300C4E1E1;
			productRefGroup = 2A323CFE1EBFC5F400C4E1E1 /* Products */;
			projectDirPath = "";
			projectRoot = "";
			targets = (
				2A323CFC1EBFC5F400C4E1E1 /* QuemEuBeijeiOntem */,
				2A323D101EBFC5F400C4E1E1 /* QuemEuBeijeiOntemTests */,
			);
		};
/* End PBXProject section */

/* Begin PBXResourcesBuildPhase section */
		2A323CFB1EBFC5F400C4E1E1 /* Resources */ = {
			isa = PBXResourcesBuildPhase;
			buildActionMask = 2147483647;
			files = (
				2A323D0B1EBFC5F400C4E1E1 /* LaunchScreen.storyboard in Resources */,
				2A323D081EBFC5F400C4E1E1 /* Assets.xcassets in Resources */,
				2A323D241EBFC68600C4E1E1 /* QEBOContactListViewController.xib in Resources */,
				2A323D341EBFCC7A00C4E1E1 /* QEBOContactCell.xib in Resources */,
			);
			runOnlyForDeploymentPostprocessing = 0;
		};
		2A323D0F1EBFC5F400C4E1E1 /* Resources */ = {
			isa = PBXResourcesBuildPhase;
			buildActionMask = 2147483647;
			files = (
			);
			runOnlyForDeploymentPostprocessing = 0;
		};
/* End PBXResourcesBuildPhase section */

/* Begin PBXShellScriptBuildPhase section */
		3499231DBD83940DEEDBA2AA /* [CP] Check Pods Manifest.lock */ = {
			isa = PBXShellScriptBuildPhase;
			buildActionMask = 2147483647;
			files = (
			);
			inputPaths = (
			);
			name = "[CP] Check Pods Manifest.lock";
			outputPaths = (
			);
			runOnlyForDeploymentPostprocessing = 0;
			shellPath = /bin/sh;
			shellScript = "diff \"${PODS_ROOT}/../Podfile.lock\" \"${PODS_ROOT}/Manifest.lock\" > /dev/null\nif [ $? != 0 ] ; then\n    # print error to STDERR\n    echo \"error: The sandbox is not in sync with the Podfile.lock. Run 'pod install' or update your CocoaPods installation.\" >&2\n    exit 1\nfi\n";
			showEnvVarsInLog = 0;
		};
		5CF8514EAE8584DF4D8C8141 /* [CP] Embed Pods Frameworks */ = {
			isa = PBXShellScriptBuildPhase;
			buildActionMask = 2147483647;
			files = (
			);
			inputPaths = (
			);
			name = "[CP] Embed Pods Frameworks";
			outputPaths = (
			);
			runOnlyForDeploymentPostprocessing = 0;
			shellPath = /bin/sh;
			shellScript = "\"${SRCROOT}/Pods/Target Support Files/Pods-QuemEuBeijeiOntemTests/Pods-QuemEuBeijeiOntemTests-frameworks.sh\"\n";
			showEnvVarsInLog = 0;
		};
		8009C4CF0CE3B4A1BED3998B /* [CP] Copy Pods Resources */ = {
			isa = PBXShellScriptBuildPhase;
			buildActionMask = 2147483647;
			files = (
			);
			inputPaths = (
			);
			name = "[CP] Copy Pods Resources";
			outputPaths = (
			);
			runOnlyForDeploymentPostprocessing = 0;
			shellPath = /bin/sh;
			shellScript = "\"${SRCROOT}/Pods/Target Support Files/Pods-QuemEuBeijeiOntem/Pods-QuemEuBeijeiOntem-resources.sh\"\n";
			showEnvVarsInLog = 0;
		};
		92586B788C9BDA947D2C8EC7 /* [CP] Check Pods Manifest.lock */ = {
			isa = PBXShellScriptBuildPhase;
			buildActionMask = 2147483647;
			files = (
			);
			inputPaths = (
			);
			name = "[CP] Check Pods Manifest.lock";
			outputPaths = (
			);
			runOnlyForDeploymentPostprocessing = 0;
			shellPath = /bin/sh;
			shellScript = "diff \"${PODS_ROOT}/../Podfile.lock\" \"${PODS_ROOT}/Manifest.lock\" > /dev/null\nif [ $? != 0 ] ; then\n    # print error to STDERR\n    echo \"error: The sandbox is not in sync with the Podfile.lock. Run 'pod install' or update your CocoaPods installation.\" >&2\n    exit 1\nfi\n";
			showEnvVarsInLog = 0;
		};
		BBEF0E09BF69EB41B369A905 /* [CP] Copy Pods Resources */ = {
			isa = PBXShellScriptBuildPhase;
			buildActionMask = 2147483647;
			files = (
			);
			inputPaths = (
			);
			name = "[CP] Copy Pods Resources";
			outputPaths = (
			);
			runOnlyForDeploymentPostprocessing = 0;
			shellPath = /bin/sh;
			shellScript = "\"${SRCROOT}/Pods/Target Support Files/Pods-QuemEuBeijeiOntemTests/Pods-QuemEuBeijeiOntemTests-resources.sh\"\n";
			showEnvVarsInLog = 0;
		};
		F33ADA0314A1EE22FBECA65B /* [CP] Embed Pods Frameworks */ = {
			isa = PBXShellScriptBuildPhase;
			buildActionMask = 2147483647;
			files = (
			);
			inputPaths = (
			);
			name = "[CP] Embed Pods Frameworks";
			outputPaths = (
			);
			runOnlyForDeploymentPostprocessing = 0;
			shellPath = /bin/sh;
			shellScript = "\"${SRCROOT}/Pods/Target Support Files/Pods-QuemEuBeijeiOntem/Pods-QuemEuBeijeiOntem-frameworks.sh\"\n";
			showEnvVarsInLog = 0;
		};
/* End PBXShellScriptBuildPhase section */

/* Begin PBXSourcesBuildPhase section */
		2A323CF91EBFC5F400C4E1E1 /* Sources */ = {
			isa = PBXSourcesBuildPhase;
			buildActionMask = 2147483647;
			files = (
				2A323D2F1EBFCB3C00C4E1E1 /* QEBOContactDatasource.swift in Sources */,
				2A323D231EBFC68600C4E1E1 /* QEBOContactListViewController.swift in Sources */,
				2A323D391EBFD28000C4E1E1 /* TimeAgo.swift in Sources */,
				2A323D011EBFC5F400C4E1E1 /* AppDelegate.swift in Sources */,
				2A323D281EBFC83900C4E1E1 /* QEBOContactDataAccessObject.swift in Sources */,
				2A323D331EBFCC7A00C4E1E1 /* QEBOContactCell.swift in Sources */,
			);
			runOnlyForDeploymentPostprocessing = 0;
		};
		2A323D0D1EBFC5F400C4E1E1 /* Sources */ = {
			isa = PBXSourcesBuildPhase;
			buildActionMask = 2147483647;
			files = (
				2A323D161EBFC5F400C4E1E1 /* QuemEuBeijeiOntemTests.swift in Sources */,
			);
			runOnlyForDeploymentPostprocessing = 0;
		};
/* End PBXSourcesBuildPhase section */

/* Begin PBXTargetDependency section */
		2A323D131EBFC5F400C4E1E1 /* PBXTargetDependency */ = {
			isa = PBXTargetDependency;
			target = 2A323CFC1EBFC5F400C4E1E1 /* QuemEuBeijeiOntem */;
			targetProxy = 2A323D121EBFC5F400C4E1E1 /* PBXContainerItemProxy */;
		};
/* End PBXTargetDependency section */

/* Begin PBXVariantGroup section */
		2A323D091EBFC5F400C4E1E1 /* LaunchScreen.storyboard */ = {
			isa = PBXVariantGroup;
			children = (
				2A323D0A1EBFC5F400C4E1E1 /* Base */,
			);
			name = LaunchScreen.storyboard;
			sourceTree = "<group>";
		};
/* End PBXVariantGroup section */

/* Begin XCBuildConfiguration section */
		2A323D181EBFC5F400C4E1E1 /* Debug */ = {
			isa = XCBuildConfiguration;
			buildSettings = {
				ALWAYS_SEARCH_USER_PATHS = NO;
				CLANG_ANALYZER_NONNULL = YES;
				CLANG_ANALYZER_NUMBER_OBJECT_CONVERSION = YES_AGGRESSIVE;
				CLANG_CXX_LANGUAGE_STANDARD = "gnu++0x";
				CLANG_CXX_LIBRARY = "libc++";
				CLANG_ENABLE_MODULES = YES;
				CLANG_ENABLE_OBJC_ARC = YES;
				CLANG_WARN_BOOL_CONVERSION = YES;
				CLANG_WARN_CONSTANT_CONVERSION = YES;
				CLANG_WARN_DIRECT_OBJC_ISA_USAGE = YES_ERROR;
				CLANG_WARN_DOCUMENTATION_COMMENTS = YES;
				CLANG_WARN_EMPTY_BODY = YES;
				CLANG_WARN_ENUM_CONVERSION = YES;
				CLANG_WARN_INFINITE_RECURSION = YES;
				CLANG_WARN_INT_CONVERSION = YES;
				CLANG_WARN_OBJC_ROOT_CLASS = YES_ERROR;
				CLANG_WARN_SUSPICIOUS_MOVE = YES;
				CLANG_WARN_UNREACHABLE_CODE = YES;
				CLANG_WARN__DUPLICATE_METHOD_MATCH = YES;
				"CODE_SIGN_IDENTITY[sdk=iphoneos*]" = "iPhone Developer";
				COPY_PHASE_STRIP = NO;
				DEBUG_INFORMATION_FORMAT = dwarf;
				ENABLE_STRICT_OBJC_MSGSEND = YES;
				ENABLE_TESTABILITY = YES;
				GCC_C_LANGUAGE_STANDARD = gnu99;
				GCC_DYNAMIC_NO_PIC = NO;
				GCC_NO_COMMON_BLOCKS = YES;
				GCC_OPTIMIZATION_LEVEL = 0;
				GCC_PREPROCESSOR_DEFINITIONS = (
					"DEBUG=1",
					"$(inherited)",
				);
				GCC_WARN_64_TO_32_BIT_CONVERSION = YES;
				GCC_WARN_ABOUT_RETURN_TYPE = YES_ERROR;
				GCC_WARN_UNDECLARED_SELECTOR = YES;
				GCC_WARN_UNINITIALIZED_AUTOS = YES_AGGRESSIVE;
				GCC_WARN_UNUSED_FUNCTION = YES;
				GCC_WARN_UNUSED_VARIABLE = YES;
				IPHONEOS_DEPLOYMENT_TARGET = 10.3;
				MTL_ENABLE_DEBUG_INFO = YES;
				ONLY_ACTIVE_ARCH = YES;
				SDKROOT = iphoneos;
				SWIFT_ACTIVE_COMPILATION_CONDITIONS = DEBUG;
				SWIFT_OPTIMIZATION_LEVEL = "-Onone";
				TARGETED_DEVICE_FAMILY = "1,2";
			};
			name = Debug;
		};
		2A323D191EBFC5F400C4E1E1 /* Release */ = {
			isa = XCBuildConfiguration;
			buildSettings = {
				ALWAYS_SEARCH_USER_PATHS = NO;
				CLANG_ANALYZER_NONNULL = YES;
				CLANG_ANALYZER_NUMBER_OBJECT_CONVERSION = YES_AGGRESSIVE;
				CLANG_CXX_LANGUAGE_STANDARD = "gnu++0x";
				CLANG_CXX_LIBRARY = "libc++";
				CLANG_ENABLE_MODULES = YES;
				CLANG_ENABLE_OBJC_ARC = YES;
				CLANG_WARN_BOOL_CONVERSION = YES;
				CLANG_WARN_CONSTANT_CONVERSION = YES;
				CLANG_WARN_DIRECT_OBJC_ISA_USAGE = YES_ERROR;
				CLANG_WARN_DOCUMENTATION_COMMENTS = YES;
				CLANG_WARN_EMPTY_BODY = YES;
				CLANG_WARN_ENUM_CONVERSION = YES;
				CLANG_WARN_INFINITE_RECURSION = YES;
				CLANG_WARN_INT_CONVERSION = YES;
				CLANG_WARN_OBJC_ROOT_CLASS = YES_ERROR;
				CLANG_WARN_SUSPICIOUS_MOVE = YES;
				CLANG_WARN_UNREACHABLE_CODE = YES;
				CLANG_WARN__DUPLICATE_METHOD_MATCH = YES;
				"CODE_SIGN_IDENTITY[sdk=iphoneos*]" = "iPhone Developer";
				COPY_PHASE_STRIP = NO;
				DEBUG_INFORMATION_FORMAT = "dwarf-with-dsym";
				ENABLE_NS_ASSERTIONS = NO;
				ENABLE_STRICT_OBJC_MSGSEND = YES;
				GCC_C_LANGUAGE_STANDARD = gnu99;
				GCC_NO_COMMON_BLOCKS = YES;
				GCC_WARN_64_TO_32_BIT_CONVERSION = YES;
				GCC_WARN_ABOUT_RETURN_TYPE = YES_ERROR;
				GCC_WARN_UNDECLARED_SELECTOR = YES;
				GCC_WARN_UNINITIALIZED_AUTOS = YES_AGGRESSIVE;
				GCC_WARN_UNUSED_FUNCTION = YES;
				GCC_WARN_UNUSED_VARIABLE = YES;
				IPHONEOS_DEPLOYMENT_TARGET = 10.3;
				MTL_ENABLE_DEBUG_INFO = NO;
				SDKROOT = iphoneos;
				SWIFT_OPTIMIZATION_LEVEL = "-Owholemodule";
				TARGETED_DEVICE_FAMILY = "1,2";
				VALIDATE_PRODUCT = YES;
			};
			name = Release;
		};
		2A323D1B1EBFC5F400C4E1E1 /* Debug */ = {
			isa = XCBuildConfiguration;
			baseConfigurationReference = 639F8092BB0B839A12A19326 /* Pods-QuemEuBeijeiOntem.debug.xcconfig */;
			buildSettings = {
				ASSETCATALOG_COMPILER_APPICON_NAME = AppIcon;
				CLANG_ENABLE_MODULES = YES;
				DEVELOPMENT_TEAM = 8P5355PV9G;
				INFOPLIST_FILE = QuemEuBeijeiOntem/Info.plist;
				IPHONEOS_DEPLOYMENT_TARGET = 8.0;
				LD_RUNPATH_SEARCH_PATHS = "$(inherited) @executable_path/Frameworks";
				PRODUCT_BUNDLE_IDENTIFIER = com.rafagonc.QuemEuBeijeiOntem;
				PRODUCT_NAME = "$(TARGET_NAME)";
				SWIFT_OBJC_BRIDGING_HEADER = "QuemEuBeijeiOntem/QuemEuBeijeiOntem-Bridging-Header.h";
				SWIFT_OPTIMIZATION_LEVEL = "-Onone";
				SWIFT_VERSION = 3.0;
			};
			name = Debug;
		};
		2A323D1C1EBFC5F400C4E1E1 /* Release */ = {
			isa = XCBuildConfiguration;
			baseConfigurationReference = EEF036EF25002526EDAA6352 /* Pods-QuemEuBeijeiOntem.release.xcconfig */;
			buildSettings = {
				ASSETCATALOG_COMPILER_APPICON_NAME = AppIcon;
				CLANG_ENABLE_MODULES = YES;
				DEVELOPMENT_TEAM = 8P5355PV9G;
				INFOPLIST_FILE = QuemEuBeijeiOntem/Info.plist;
				IPHONEOS_DEPLOYMENT_TARGET = 8.0;
				LD_RUNPATH_SEARCH_PATHS = "$(inherited) @executable_path/Frameworks";
				PRODUCT_BUNDLE_IDENTIFIER = com.rafagonc.QuemEuBeijeiOntem;
				PRODUCT_NAME = "$(TARGET_NAME)";
				SWIFT_OBJC_BRIDGING_HEADER = "QuemEuBeijeiOntem/QuemEuBeijeiOntem-Bridging-Header.h";
				SWIFT_VERSION = 3.0;
			};
			name = Release;
		};
		2A323D1E1EBFC5F400C4E1E1 /* Debug */ = {
			isa = XCBuildConfiguration;
			baseConfigurationReference = EF7945865D11F626B16CB9D5 /* Pods-QuemEuBeijeiOntemTests.debug.xcconfig */;
			buildSettings = {
				ALWAYS_EMBED_SWIFT_STANDARD_LIBRARIES = YES;
				BUNDLE_LOADER = "$(TEST_HOST)";
				DEVELOPMENT_TEAM = 8P5355PV9G;
				INFOPLIST_FILE = QuemEuBeijeiOntemTests/Info.plist;
				LD_RUNPATH_SEARCH_PATHS = "$(inherited) @executable_path/Frameworks @loader_path/Frameworks";
				PRODUCT_BUNDLE_IDENTIFIER = com.rafagonc.QuemEuBeijeiOntemTests;
				PRODUCT_NAME = "$(TARGET_NAME)";
				SWIFT_VERSION = 3.0;
				TEST_HOST = "$(BUILT_PRODUCTS_DIR)/QuemEuBeijeiOntem.app/QuemEuBeijeiOntem";
			};
			name = Debug;
		};
		2A323D1F1EBFC5F400C4E1E1 /* Release */ = {
			isa = XCBuildConfiguration;
			baseConfigurationReference = 0F5F5F83B250B321F1C14E50 /* Pods-QuemEuBeijeiOntemTests.release.xcconfig */;
			buildSettings = {
				ALWAYS_EMBED_SWIFT_STANDARD_LIBRARIES = YES;
				BUNDLE_LOADER = "$(TEST_HOST)";
				DEVELOPMENT_TEAM = 8P5355PV9G;
				INFOPLIST_FILE = QuemEuBeijeiOntemTests/Info.plist;
				LD_RUNPATH_SEARCH_PATHS = "$(inherited) @executable_path/Frameworks @loader_path/Frameworks";
				PRODUCT_BUNDLE_IDENTIFIER = com.rafagonc.QuemEuBeijeiOntemTests;
				PRODUCT_NAME = "$(TARGET_NAME)";
				SWIFT_VERSION = 3.0;
				TEST_HOST = "$(BUILT_PRODUCTS_DIR)/QuemEuBeijeiOntem.app/QuemEuBeijeiOntem";
			};
			name = Release;
		};
/* End XCBuildConfiguration section */

/* Begin XCConfigurationList section */
		2A323CF81EBFC5F300C4E1E1 /* Build configuration list for PBXProject "QuemEuBeijeiOntem" */ = {
			isa = XCConfigurationList;
			buildConfigurations = (
				2A323D181EBFC5F400C4E1E1 /* Debug */,
				2A323D191EBFC5F400C4E1E1 /* Release */,
			);
			defaultConfigurationIsVisible = 0;
			defaultConfigurationName = Release;
		};
		2A323D1A1EBFC5F400C4E1E1 /* Build configuration list for PBXNativeTarget "QuemEuBeijeiOntem" */ = {
			isa = XCConfigurationList;
			buildConfigurations = (
				2A323D1B1EBFC5F400C4E1E1 /* Debug */,
				2A323D1C1EBFC5F400C4E1E1 /* Release */,
			);
			defaultConfigurationIsVisible = 0;
			defaultConfigurationName = Release;
		};
		2A323D1D1EBFC5F400C4E1E1 /* Build configuration list for PBXNativeTarget "QuemEuBeijeiOntemTests" */ = {
			isa = XCConfigurationList;
			buildConfigurations = (
				2A323D1E1EBFC5F400C4E1E1 /* Debug */,
				2A323D1F1EBFC5F400C4E1E1 /* Release */,
			);
			defaultConfigurationIsVisible = 0;
			defaultConfigurationName = Release;
		};
/* End XCConfigurationList section */
	};
	rootObject = 2A323CF51EBFC5F300C4E1E1 /* Project object */;
}
